
Microsoft Visual Studio Solution File, Format Version 12.00
# Visual Studio Version 17
VisualStudioVersion = 17.14.36414.22 d17.14
MinimumVisualStudioVersion = 10.0.40219.1
Project("{8BC9CEB8-8B4A-11D0-8D11-00A0C91BC942}") = "QuestionnaireProject", "QuestionnaireProject\QuestionnaireProject.vcxproj", "{65A30C5D-CD8D-6B8F-38D7-E4F22CE9979A}"
EndProject
Global
	GlobalSection(SolutionConfigurationPlatforms) = preSolution
		Debug|x64 = Debug|x64
		Debug|x86 = Debug|x86
		Release|x64 = Release|x64
		Release|x86 = Release|x86
	EndGlobalSection
	GlobalSection(ProjectConfigurationPlatforms) = postSolution
		{65A30C5D-CD8D-6B8F-38D7-E4F22CE9979A}.Debug|x64.ActiveCfg = Debug|x64
		{65A30C5D-CD8D-6B8F-38D7-E4F22CE9979A}.Debug|x64.Build.0 = Debug|x64
		{65A30C5D-CD8D-6B8F-38D7-E4F22CE9979A}.Debug|x86.ActiveCfg = Debug|Win32
		{65A30C5D-CD8D-6B8F-38D7-E4F22CE9979A}.Debug|x86.Build.0 = Debug|Win32
		{65A30C5D-CD8D-6B8F-38D7-E4F22CE9979A}.Release|x64.ActiveCfg = Release|x64
		{65A30C5D-CD8D-6B8F-38D7-E4F22CE9979A}.Release|x64.Build.0 = Release|x64
		{65A30C5D-CD8D-6B8F-38D7-E4F22CE9979A}.Release|x86.ActiveCfg = Release|Win32
		{65A30C5D-CD8D-6B8F-38D7-E4F22CE9979A}.Release|x86.Build.0 = Release|Win32
	EndGlobalSection
	GlobalSection(SolutionProperties) = preSolution
		HideSolutionNode = FALSE
	EndGlobalSection
	GlobalSection(ExtensibilityGlobals) = postSolution
		SolutionGuid = {7B6284F9-9427-456B-9A39-4DA7F2696786}
	EndGlobalSection
EndGlobal
